
Microsoft Visual Studio Solution File, Format Version 12.00
# Visual Studio Version 16
VisualStudioVersion = 16.0.29709.97
MinimumVisualStudioVersion = 10.0.40219.1
Project("{FAE04EC0-301F-11D3-BF4B-00C04F79EFBC}") = "Final SE Group Project", "Final SE Group Project.csproj", "{89858226-40A2-414F-8C8A-F4B26B2FA489}"
EndProject
Global
	GlobalSection(SolutionConfigurationPlatforms) = preSolution
		Debug|Any CPU = Debug|Any CPU
		Release|Any CPU = Release|Any CPU
	EndGlobalSection
	GlobalSection(ProjectConfigurationPlatforms) = postSolution
		{89858226-40A2-414F-8C8A-F4B26B2FA489}.Debug|Any CPU.ActiveCfg = Debug|Any CPU
		{89858226-40A2-414F-8C8A-F4B26B2FA489}.Debug|Any CPU.Build.0 = Debug|Any CPU
		{89858226-40A2-414F-8C8A-F4B26B2FA489}.Release|Any CPU.ActiveCfg = Release|Any CPU
		{89858226-40A2-414F-8C8A-F4B26B2FA489}.Release|Any CPU.Build.0 = Release|Any CPU
	EndGlobalSection
	GlobalSection(SolutionProperties) = preSolution
		HideSolutionNode = FALSE
	EndGlobalSection
	GlobalSection(ExtensibilityGlobals) = postSolution
		SolutionGuid = {1720B09F-CA89-4AB4-A4C1-CE1544AD297B}
	EndGlobalSection
EndGlobal
